
Microsoft Visual Studio Solution File, Format Version 12.00
# Visual Studio Version 17
VisualStudioVersion = 17.10.35013.160
MinimumVisualStudioVersion = 10.0.40219.1
Project("{FAE04EC0-301F-11D3-BF4B-00C04F79EFBC}") = "BG3Translator", "BG3Translator.csproj", "{7028C2CF-3538-4EC5-B04A-7A358A7A6569}"
EndProject
Global
	GlobalSection(SolutionConfigurationPlatforms) = preSolution
		Debug|Any CPU = Debug|Any CPU
		Release|Any CPU = Release|Any CPU
	EndGlobalSection
	GlobalSection(ProjectConfigurationPlatforms) = postSolution
		{7028C2CF-3538-4EC5-B04A-7A358A7A6569}.Debug|Any CPU.ActiveCfg = Debug|Any CPU
		{7028C2CF-3538-4EC5-B04A-7A358A7A6569}.Debug|Any CPU.Build.0 = Debug|Any CPU
		{7028C2CF-3538-4EC5-B04A-7A358A7A6569}.Release|Any CPU.ActiveCfg = Release|Any CPU
		{7028C2CF-3538-4EC5-B04A-7A358A7A6569}.Release|Any CPU.Build.0 = Release|Any CPU
	EndGlobalSection
	GlobalSection(SolutionProperties) = preSolution
		HideSolutionNode = FALSE
	EndGlobalSection
	GlobalSection(ExtensibilityGlobals) = postSolution
		SolutionGuid = {24EBFE74-5B4F-4D96-84EC-A9E5F9915AB8}
	EndGlobalSection
EndGlobal
